
Microsoft Visual Studio Solution File, Format Version 12.00
# Visual Studio Version 16
VisualStudioVersion = 16.0.28803.352
MinimumVisualStudioVersion = 10.0.40219.1
Project("{9A19103F-16F7-4668-BE54-9A1E7A4F7556}") = "MvcMovie", "MvcMovie\MvcMovie.csproj", "{04B96855-0F32-486C-A3C3-350A1BA87E34}"
EndProject
Project("{E53339B2-1760-4266-BCC7-CA923CBCF16C}") = "docker-compose", "docker-compose.dcproj", "{6F93869C-09FC-4898-A99E-4E88A24428FA}"
EndProject
Global
	GlobalSection(SolutionConfigurationPlatforms) = preSolution
		Debug|Any CPU = Debug|Any CPU
		Release|Any CPU = Release|Any CPU
	EndGlobalSection
	GlobalSection(ProjectConfigurationPlatforms) = postSolution
		{04B96855-0F32-486C-A3C3-350A1BA87E34}.Debug|Any CPU.ActiveCfg = Debug|Any CPU
		{04B96855-0F32-486C-A3C3-350A1BA87E34}.Debug|Any CPU.Build.0 = Debug|Any CPU
		{04B96855-0F32-486C-A3C3-350A1BA87E34}.Release|Any CPU.ActiveCfg = Release|Any CPU
		{04B96855-0F32-486C-A3C3-350A1BA87E34}.Release|Any CPU.Build.0 = Release|Any CPU
		{6F93869C-09FC-4898-A99E-4E88A24428FA}.Debug|Any CPU.ActiveCfg = Debug|Any CPU
		{6F93869C-09FC-4898-A99E-4E88A24428FA}.Debug|Any CPU.Build.0 = Debug|Any CPU
		{6F93869C-09FC-4898-A99E-4E88A24428FA}.Release|Any CPU.ActiveCfg = Release|Any CPU
		{6F93869C-09FC-4898-A99E-4E88A24428FA}.Release|Any CPU.Build.0 = Release|Any CPU
	EndGlobalSection
	GlobalSection(SolutionProperties) = preSolution
		HideSolutionNode = FALSE
	EndGlobalSection
	GlobalSection(ExtensibilityGlobals) = postSolution
		SolutionGuid = {582687AA-9FB5-4AF0-97FA-4C9EBA160487}
	EndGlobalSection
EndGlobal
